
Microsoft Visual Studio Solution File, Format Version 12.00
# Visual Studio Version 17
VisualStudioVersion = 17.8.34309.116
MinimumVisualStudioVersion = 10.0.40219.1
Project("{FAE04EC0-301F-11D3-BF4B-00C04F79EFBC}") = "Student_Registration", "Student_Registration.csproj", "{7B41F142-6601-4AF4-BDC3-F6A4316056EA}"
EndProject
Global
	GlobalSection(SolutionConfigurationPlatforms) = preSolution
		Debug|Any CPU = Debug|Any CPU
		Release|Any CPU = Release|Any CPU
	EndGlobalSection
	GlobalSection(ProjectConfigurationPlatforms) = postSolution
		{7B41F142-6601-4AF4-BDC3-F6A4316056EA}.Debug|Any CPU.ActiveCfg = Debug|Any CPU
		{7B41F142-6601-4AF4-BDC3-F6A4316056EA}.Debug|Any CPU.Build.0 = Debug|Any CPU
		{7B41F142-6601-4AF4-BDC3-F6A4316056EA}.Release|Any CPU.ActiveCfg = Release|Any CPU
		{7B41F142-6601-4AF4-BDC3-F6A4316056EA}.Release|Any CPU.Build.0 = Release|Any CPU
	EndGlobalSection
	GlobalSection(SolutionProperties) = preSolution
		HideSolutionNode = FALSE
	EndGlobalSection
	GlobalSection(ExtensibilityGlobals) = postSolution
		SolutionGuid = {6227AF7A-C080-4A1D-9848-AECB8FE1A563}
	EndGlobalSection
EndGlobal
